
Microsoft Visual Studio Solution File, Format Version 12.00
# Visual Studio Version 17
VisualStudioVersion = 17.6.33815.320
MinimumVisualStudioVersion = 10.0.40219.1
Project("{8BC9CEB8-8B4A-11D0-8D11-00A0C91BC942}") = "UML", "UML\UML.vcxproj", "{0CE46055-8CC3-4431-936F-3397BFA39FA9}"
EndProject
Project("{8BC9CEB8-8B4A-11D0-8D11-00A0C91BC942}") = "Car", "Car\Car.vcxproj", "{5A54A222-319F-414B-B374-5627562019C6}"
EndProject
Project("{8BC9CEB8-8B4A-11D0-8D11-00A0C91BC942}") = "Threads", "Threads\Threads.vcxproj", "{51F3B7A3-BE11-4594-9B54-37DB5BBCDA1B}"
EndProject
Global
	GlobalSection(SolutionConfigurationPlatforms) = preSolution
		Debug|x64 = Debug|x64
		Debug|x86 = Debug|x86
		Release|x64 = Release|x64
		Release|x86 = Release|x86
	EndGlobalSection
	GlobalSection(ProjectConfigurationPlatforms) = postSolution
		{0CE46055-8CC3-4431-936F-3397BFA39FA9}.Debug|x64.ActiveCfg = Debug|x64
		{0CE46055-8CC3-4431-936F-3397BFA39FA9}.Debug|x64.Build.0 = Debug|x64
		{0CE46055-8CC3-4431-936F-3397BFA39FA9}.Debug|x86.ActiveCfg = Debug|Win32
		{0CE46055-8CC3-4431-936F-3397BFA39FA9}.Debug|x86.Build.0 = Debug|Win32
		{0CE46055-8CC3-4431-936F-3397BFA39FA9}.Release|x64.ActiveCfg = Release|x64
		{0CE46055-8CC3-4431-936F-3397BFA39FA9}.Release|x64.Build.0 = Release|x64
		{0CE46055-8CC3-4431-936F-3397BFA39FA9}.Release|x86.ActiveCfg = Release|Win32
		{0CE46055-8CC3-4431-936F-3397BFA39FA9}.Release|x86.Build.0 = Release|Win32
		{5A54A222-319F-414B-B374-5627562019C6}.Debug|x64.ActiveCfg = Debug|x64
		{5A54A222-319F-414B-B374-5627562019C6}.Debug|x64.Build.0 = Debug|x64
		{5A54A222-319F-414B-B374-5627562019C6}.Debug|x86.ActiveCfg = Debug|Win32
		{5A54A222-319F-414B-B374-5627562019C6}.Debug|x86.Build.0 = Debug|Win32
		{5A54A222-319F-414B-B374-5627562019C6}.Release|x64.ActiveCfg = Release|x64
		{5A54A222-319F-414B-B374-5627562019C6}.Release|x64.Build.0 = Release|x64
		{5A54A222-319F-414B-B374-5627562019C6}.Release|x86.ActiveCfg = Release|Win32
		{5A54A222-319F-414B-B374-5627562019C6}.Release|x86.Build.0 = Release|Win32
		{51F3B7A3-BE11-4594-9B54-37DB5BBCDA1B}.Debug|x64.ActiveCfg = Debug|x64
		{51F3B7A3-BE11-4594-9B54-37DB5BBCDA1B}.Debug|x64.Build.0 = Debug|x64
		{51F3B7A3-BE11-4594-9B54-37DB5BBCDA1B}.Debug|x86.ActiveCfg = Debug|Win32
		{51F3B7A3-BE11-4594-9B54-37DB5BBCDA1B}.Debug|x86.Build.0 = Debug|Win32
		{51F3B7A3-BE11-4594-9B54-37DB5BBCDA1B}.Release|x64.ActiveCfg = Release|x64
		{51F3B7A3-BE11-4594-9B54-37DB5BBCDA1B}.Release|x64.Build.0 = Release|x64
		{51F3B7A3-BE11-4594-9B54-37DB5BBCDA1B}.Release|x86.ActiveCfg = Release|Win32
		{51F3B7A3-BE11-4594-9B54-37DB5BBCDA1B}.Release|x86.Build.0 = Release|Win32
	EndGlobalSection
	GlobalSection(SolutionProperties) = preSolution
		HideSolutionNode = FALSE
	EndGlobalSection
	GlobalSection(ExtensibilityGlobals) = postSolution
		SolutionGuid = {41864412-A278-40B9-BA9C-8FFC4C56E7E1}
	EndGlobalSection
EndGlobal
